
Microsoft Visual Studio Solution File, Format Version 12.00
# Visual Studio 2015
Project("{FAE04EC0-301F-11D3-BF4B-00C04F79EFBC}") = "Ritual Game.CSharp", "Ritual Game.CSharp.csproj", "{36F650FF-9694-8A15-08BC-312FD8079412}"
EndProject
Global
	GlobalSection(SolutionConfigurationPlatforms) = preSolution
		Debug|Any CPU = Debug|Any CPU
		Release|Any CPU = Release|Any CPU
	EndGlobalSection
	GlobalSection(ProjectConfigurationPlatforms) = postSolution
		{36F650FF-9694-8A15-08BC-312FD8079412}.Debug|Any CPU.ActiveCfg = Debug|Any CPU
		{36F650FF-9694-8A15-08BC-312FD8079412}.Debug|Any CPU.Build.0 = Debug|Any CPU
		{36F650FF-9694-8A15-08BC-312FD8079412}.Release|Any CPU.ActiveCfg = Release|Any CPU
		{36F650FF-9694-8A15-08BC-312FD8079412}.Release|Any CPU.Build.0 = Release|Any CPU
	EndGlobalSection
	GlobalSection(SolutionProperties) = preSolution
		HideSolutionNode = FALSE
	EndGlobalSection
EndGlobal
